
Microsoft Visual Studio Solution File, Format Version 12.00
# Visual Studio Version 16
VisualStudioVersion = 16.0.31410.357
MinimumVisualStudioVersion = 10.0.40219.1
Project("{9A19103F-16F7-4668-BE54-9A1E7A4F7556}") = "Dev.App", "src\Dev.App\Dev.App.csproj", "{0085522D-68C0-4E9F-B685-938565F1969A}"
EndProject
Project("{FAE04EC0-301F-11D3-BF4B-00C04F79EFBC}") = "Dev.Business", "src\Dev.Business\Dev.Business.csproj", "{51D855E3-7181-4A63-8BC0-BAAAF887D117}"
EndProject
Project("{FAE04EC0-301F-11D3-BF4B-00C04F79EFBC}") = "Dev.Data", "src\Dev.Data\Dev.Data.csproj", "{C43EAE34-77B2-4005-BAF3-5A49F9EC4C57}"
EndProject
Global
	GlobalSection(SolutionConfigurationPlatforms) = preSolution
		Debug|Any CPU = Debug|Any CPU
		Release|Any CPU = Release|Any CPU
	EndGlobalSection
	GlobalSection(ProjectConfigurationPlatforms) = postSolution
		{0085522D-68C0-4E9F-B685-938565F1969A}.Debug|Any CPU.ActiveCfg = Debug|Any CPU
		{0085522D-68C0-4E9F-B685-938565F1969A}.Debug|Any CPU.Build.0 = Debug|Any CPU
		{0085522D-68C0-4E9F-B685-938565F1969A}.Release|Any CPU.ActiveCfg = Release|Any CPU
		{0085522D-68C0-4E9F-B685-938565F1969A}.Release|Any CPU.Build.0 = Release|Any CPU
		{51D855E3-7181-4A63-8BC0-BAAAF887D117}.Debug|Any CPU.ActiveCfg = Debug|Any CPU
		{51D855E3-7181-4A63-8BC0-BAAAF887D117}.Debug|Any CPU.Build.0 = Debug|Any CPU
		{51D855E3-7181-4A63-8BC0-BAAAF887D117}.Release|Any CPU.ActiveCfg = Release|Any CPU
		{51D855E3-7181-4A63-8BC0-BAAAF887D117}.Release|Any CPU.Build.0 = Release|Any CPU
		{C43EAE34-77B2-4005-BAF3-5A49F9EC4C57}.Debug|Any CPU.ActiveCfg = Debug|Any CPU
		{C43EAE34-77B2-4005-BAF3-5A49F9EC4C57}.Debug|Any CPU.Build.0 = Debug|Any CPU
		{C43EAE34-77B2-4005-BAF3-5A49F9EC4C57}.Release|Any CPU.ActiveCfg = Release|Any CPU
		{C43EAE34-77B2-4005-BAF3-5A49F9EC4C57}.Release|Any CPU.Build.0 = Release|Any CPU
	EndGlobalSection
	GlobalSection(SolutionProperties) = preSolution
		HideSolutionNode = FALSE
	EndGlobalSection
	GlobalSection(ExtensibilityGlobals) = postSolution
		SolutionGuid = {B872AABB-8DF0-47D7-9882-415AA4B7CA0F}
	EndGlobalSection
EndGlobal
